
Microsoft Visual Studio Solution File, Format Version 12.00
# Visual Studio 2013
VisualStudioVersion = 12.0.30324.0
MinimumVisualStudioVersion = 10.0.40219.1
Project("{581633EB-B896-402F-8E60-36F3DA191C85}") = "factorymonitor", "factorymonitor\factorymonitor.lsxtproj", "{B521708D-1DF5-41C0-AC64-DC3A47FC1BC3}"
EndProject
Project("{FAE04EC0-301F-11D3-BF4B-00C04F79EFBC}") = "factorymonitor.Server", "factorymonitor\factorymonitor.Server\factorymonitor.Server.csproj", "{64EBE037-CFD5-41B0-B832-F9DF2631D29B}"
EndProject
Project("{262852C6-CD72-467D-83FE-5EEB1973A190}") = "factorymonitor.HTMLClient", "factorymonitor\factorymonitor.HTMLClient\factorymonitor.HTMLClient.jsproj", "{271C84BD-438B-4D20-940A-E9F7C6C493D4}"
EndProject
Global
	GlobalSection(SolutionConfigurationPlatforms) = preSolution
		Debug|Any CPU = Debug|Any CPU
		Release|Any CPU = Release|Any CPU
	EndGlobalSection
	GlobalSection(ProjectConfigurationPlatforms) = postSolution
		{B521708D-1DF5-41C0-AC64-DC3A47FC1BC3}.Debug|Any CPU.ActiveCfg = Debug|Any CPU
		{B521708D-1DF5-41C0-AC64-DC3A47FC1BC3}.Debug|Any CPU.Build.0 = Debug|Any CPU
		{B521708D-1DF5-41C0-AC64-DC3A47FC1BC3}.Release|Any CPU.ActiveCfg = Release|Any CPU
		{B521708D-1DF5-41C0-AC64-DC3A47FC1BC3}.Release|Any CPU.Build.0 = Release|Any CPU
		{64EBE037-CFD5-41B0-B832-F9DF2631D29B}.Debug|Any CPU.ActiveCfg = Debug|Any CPU
		{64EBE037-CFD5-41B0-B832-F9DF2631D29B}.Debug|Any CPU.Build.0 = Debug|Any CPU
		{64EBE037-CFD5-41B0-B832-F9DF2631D29B}.Release|Any CPU.ActiveCfg = Release|Any CPU
		{64EBE037-CFD5-41B0-B832-F9DF2631D29B}.Release|Any CPU.Build.0 = Release|Any CPU
		{271C84BD-438B-4D20-940A-E9F7C6C493D4}.Debug|Any CPU.ActiveCfg = Debug|Any CPU
		{271C84BD-438B-4D20-940A-E9F7C6C493D4}.Debug|Any CPU.Build.0 = Debug|Any CPU
		{271C84BD-438B-4D20-940A-E9F7C6C493D4}.Release|Any CPU.ActiveCfg = Release|Any CPU
		{271C84BD-438B-4D20-940A-E9F7C6C493D4}.Release|Any CPU.Build.0 = Release|Any CPU
	EndGlobalSection
	GlobalSection(SolutionProperties) = preSolution
		HideSolutionNode = FALSE
	EndGlobalSection
EndGlobal
